
Microsoft Visual Studio Solution File, Format Version 12.00
# Visual Studio Version 17
VisualStudioVersion = 17.7.34031.279
MinimumVisualStudioVersion = 10.0.40219.1
Project("{FAE04EC0-301F-11D3-BF4B-00C04F79EFBC}") = "KitchenApp", "KitchenApp\KitchenApp.csproj", "{09DB22F4-9216-426E-A21A-E63CBC54DE68}"
EndProject
Global
	GlobalSection(SolutionConfigurationPlatforms) = preSolution
		Debug|Any CPU = Debug|Any CPU
		Release|Any CPU = Release|Any CPU
	EndGlobalSection
	GlobalSection(ProjectConfigurationPlatforms) = postSolution
		{09DB22F4-9216-426E-A21A-E63CBC54DE68}.Debug|Any CPU.ActiveCfg = Debug|Any CPU
		{09DB22F4-9216-426E-A21A-E63CBC54DE68}.Debug|Any CPU.Build.0 = Debug|Any CPU
		{09DB22F4-9216-426E-A21A-E63CBC54DE68}.Release|Any CPU.ActiveCfg = Release|Any CPU
		{09DB22F4-9216-426E-A21A-E63CBC54DE68}.Release|Any CPU.Build.0 = Release|Any CPU
	EndGlobalSection
	GlobalSection(SolutionProperties) = preSolution
		HideSolutionNode = FALSE
	EndGlobalSection
	GlobalSection(ExtensibilityGlobals) = postSolution
		SolutionGuid = {104F1B15-AA98-4811-A94C-BAF1F5F839C3}
	EndGlobalSection
EndGlobal
